
Microsoft Visual Studio Solution File, Format Version 12.00
# Visual Studio 15
VisualStudioVersion = 15.0.28010.2026
MinimumVisualStudioVersion = 10.0.40219.1
Project("{FAE04EC0-301F-11D3-BF4B-00C04F79EFBC}") = "Sales.Android", "Sales\Sales.Android\Sales.Android.csproj", "{A5CF5443-B6B5-4EC6-891A-0C903A33EB97}"
EndProject
Project("{FAE04EC0-301F-11D3-BF4B-00C04F79EFBC}") = "Sales.iOS", "Sales\Sales.iOS\Sales.iOS.csproj", "{A01D85B2-563D-44A3-97BB-73D792035BE6}"
EndProject
Project("{9A19103F-16F7-4668-BE54-9A1E7A4F7556}") = "Sales", "Sales\Sales\Sales.csproj", "{B1D83650-E227-4DEE-8F5B-C4520ECEB0C8}"
EndProject
Project("{FAE04EC0-301F-11D3-BF4B-00C04F79EFBC}") = "Sales.Backend", "Sales.Backend\Sales.Backend.csproj", "{35F91A6B-3527-401F-8C4E-41DD5D40489F}"
EndProject
Project("{FAE04EC0-301F-11D3-BF4B-00C04F79EFBC}") = "Sales.API", "Sales.API\Sales.API.csproj", "{220DBF76-F0FD-4932-A034-C308CA6A0AE7}"
EndProject
Project("{FAE04EC0-301F-11D3-BF4B-00C04F79EFBC}") = "Sales.Domain", "Sales.Domain\Sales.Domain.csproj", "{C3F7CDDD-9CE3-417A-ADB9-DFAC675A4474}"
EndProject
Project("{FAE04EC0-301F-11D3-BF4B-00C04F79EFBC}") = "Sales.Common", "Sales.Common\Sales.Common.csproj", "{085FAF2D-CC44-4709-979E-AE00550DAE21}"
EndProject
Global
	GlobalSection(SolutionConfigurationPlatforms) = preSolution
		Ad-Hoc|Any CPU = Ad-Hoc|Any CPU
		Ad-Hoc|iPhone = Ad-Hoc|iPhone
		Ad-Hoc|iPhoneSimulator = Ad-Hoc|iPhoneSimulator
		AppStore|Any CPU = AppStore|Any CPU
		AppStore|iPhone = AppStore|iPhone
		AppStore|iPhoneSimulator = AppStore|iPhoneSimulator
		Debug|Any CPU = Debug|Any CPU
		Debug|iPhone = Debug|iPhone
		Debug|iPhoneSimulator = Debug|iPhoneSimulator
		Release|Any CPU = Release|Any CPU
		Release|iPhone = Release|iPhone
		Release|iPhoneSimulator = Release|iPhoneSimulator
	EndGlobalSection
	GlobalSection(ProjectConfigurationPlatforms) = postSolution
		{A5CF5443-B6B5-4EC6-891A-0C903A33EB97}.Ad-Hoc|Any CPU.ActiveCfg = Release|Any CPU
		{A5CF5443-B6B5-4EC6-891A-0C903A33EB97}.Ad-Hoc|Any CPU.Build.0 = Release|Any CPU
		{A5CF5443-B6B5-4EC6-891A-0C903A33EB97}.Ad-Hoc|Any CPU.Deploy.0 = Release|Any CPU
		{A5CF5443-B6B5-4EC6-891A-0C903A33EB97}.Ad-Hoc|iPhone.ActiveCfg = Release|Any CPU
		{A5CF5443-B6B5-4EC6-891A-0C903A33EB97}.Ad-Hoc|iPhone.Build.0 = Release|Any CPU
		{A5CF5443-B6B5-4EC6-891A-0C903A33EB97}.Ad-Hoc|iPhone.Deploy.0 = Release|Any CPU
		{A5CF5443-B6B5-4EC6-891A-0C903A33EB97}.Ad-Hoc|iPhoneSimulator.ActiveCfg = Release|Any CPU
		{A5CF5443-B6B5-4EC6-891A-0C903A33EB97}.Ad-Hoc|iPhoneSimulator.Build.0 = Release|Any CPU
		{A5CF5443-B6B5-4EC6-891A-0C903A33EB97}.Ad-Hoc|iPhoneSimulator.Deploy.0 = Release|Any CPU
		{A5CF5443-B6B5-4EC6-891A-0C903A33EB97}.AppStore|Any CPU.ActiveCfg = Release|Any CPU
		{A5CF5443-B6B5-4EC6-891A-0C903A33EB97}.AppStore|Any CPU.Build.0 = Release|Any CPU
		{A5CF5443-B6B5-4EC6-891A-0C903A33EB97}.AppStore|Any CPU.Deploy.0 = Release|Any CPU
		{A5CF5443-B6B5-4EC6-891A-0C903A33EB97}.AppStore|iPhone.ActiveCfg = Release|Any CPU
		{A5CF5443-B6B5-4EC6-891A-0C903A33EB97}.AppStore|iPhone.Build.0 = Release|Any CPU
		{A5CF5443-B6B5-4EC6-891A-0C903A33EB97}.AppStore|iPhone.Deploy.0 = Release|Any CPU
		{A5CF5443-B6B5-4EC6-891A-0C903A33EB97}.AppStore|iPhoneSimulator.ActiveCfg = Release|Any CPU
		{A5CF5443-B6B5-4EC6-891A-0C903A33EB97}.AppStore|iPhoneSimulator.Build.0 = Release|Any CPU
		{A5CF5443-B6B5-4EC6-891A-0C903A33EB97}.AppStore|iPhoneSimulator.Deploy.0 = Release|Any CPU
		{A5CF5443-B6B5-4EC6-891A-0C903A33EB97}.Debug|Any CPU.ActiveCfg = Debug|Any CPU
		{A5CF5443-B6B5-4EC6-891A-0C903A33EB97}.Debug|Any CPU.Build.0 = Debug|Any CPU
		{A5CF5443-B6B5-4EC6-891A-0C903A33EB97}.Debug|Any CPU.Deploy.0 = Debug|Any CPU
		{A5CF5443-B6B5-4EC6-891A-0C903A33EB97}.Debug|iPhone.ActiveCfg = Debug|Any CPU
		{A5CF5443-B6B5-4EC6-891A-0C903A33EB97}.Debug|iPhone.Build.0 = Debug|Any CPU
		{A5CF5443-B6B5-4EC6-891A-0C903A33EB97}.Debug|iPhone.Deploy.0 = Debug|Any CPU
		{A5CF5443-B6B5-4EC6-891A-0C903A33EB97}.Debug|iPhoneSimulator.ActiveCfg = Debug|Any CPU
		{A5CF5443-B6B5-4EC6-891A-0C903A33EB97}.Debug|iPhoneSimulator.Build.0 = Debug|Any CPU
		{A5CF5443-B6B5-4EC6-891A-0C903A33EB97}.Debug|iPhoneSimulator.Deploy.0 = Debug|Any CPU
		{A5CF5443-B6B5-4EC6-891A-0C903A33EB97}.Release|Any CPU.ActiveCfg = Release|Any CPU
		{A5CF5443-B6B5-4EC6-891A-0C903A33EB97}.Release|Any CPU.Build.0 = Release|Any CPU
		{A5CF5443-B6B5-4EC6-891A-0C903A33EB97}.Release|Any CPU.Deploy.0 = Release|Any CPU
		{A5CF5443-B6B5-4EC6-891A-0C903A33EB97}.Release|iPhone.ActiveCfg = Release|Any CPU
		{A5CF5443-B6B5-4EC6-891A-0C903A33EB97}.Release|iPhone.Build.0 = Release|Any CPU
		{A5CF5443-B6B5-4EC6-891A-0C903A33EB97}.Release|iPhone.Deploy.0 = Release|Any CPU
		{A5CF5443-B6B5-4EC6-891A-0C903A33EB97}.Release|iPhoneSimulator.ActiveCfg = Release|Any CPU
		{A5CF5443-B6B5-4EC6-891A-0C903A33EB97}.Release|iPhoneSimulator.Build.0 = Release|Any CPU
		{A5CF5443-B6B5-4EC6-891A-0C903A33EB97}.Release|iPhoneSimulator.Deploy.0 = Release|Any CPU
		{A01D85B2-563D-44A3-97BB-73D792035BE6}.Ad-Hoc|Any CPU.ActiveCfg = Ad-Hoc|iPhone
		{A01D85B2-563D-44A3-97BB-73D792035BE6}.Ad-Hoc|Any CPU.Build.0 = Ad-Hoc|iPhone
		{A01D85B2-563D-44A3-97BB-73D792035BE6}.Ad-Hoc|Any CPU.Deploy.0 = Ad-Hoc|iPhone
		{A01D85B2-563D-44A3-97BB-73D792035BE6}.Ad-Hoc|iPhone.ActiveCfg = Ad-Hoc|iPhone
		{A01D85B2-563D-44A3-97BB-73D792035BE6}.Ad-Hoc|iPhone.Build.0 = Ad-Hoc|iPhone
		{A01D85B2-563D-44A3-97BB-73D792035BE6}.Ad-Hoc|iPhone.Deploy.0 = Ad-Hoc|iPhone
		{A01D85B2-563D-44A3-97BB-73D792035BE6}.Ad-Hoc|iPhoneSimulator.ActiveCfg = Ad-Hoc|iPhoneSimulator
		{A01D85B2-563D-44A3-97BB-73D792035BE6}.Ad-Hoc|iPhoneSimulator.Build.0 = Ad-Hoc|iPhoneSimulator
		{A01D85B2-563D-44A3-97BB-73D792035BE6}.Ad-Hoc|iPhoneSimulator.Deploy.0 = Ad-Hoc|iPhoneSimulator
		{A01D85B2-563D-44A3-97BB-73D792035BE6}.AppStore|Any CPU.ActiveCfg = AppStore|iPhone
		{A01D85B2-563D-44A3-97BB-73D792035BE6}.AppStore|Any CPU.Build.0 = AppStore|iPhone
		{A01D85B2-563D-44A3-97BB-73D792035BE6}.AppStore|Any CPU.Deploy.0 = AppStore|iPhone
		{A01D85B2-563D-44A3-97BB-73D792035BE6}.AppStore|iPhone.ActiveCfg = AppStore|iPhone
		{A01D85B2-563D-44A3-97BB-73D792035BE6}.AppStore|iPhone.Build.0 = AppStore|iPhone
		{A01D85B2-563D-44A3-97BB-73D792035BE6}.AppStore|iPhone.Deploy.0 = AppStore|iPhone
		{A01D85B2-563D-44A3-97BB-73D792035BE6}.AppStore|iPhoneSimulator.ActiveCfg = AppStore|iPhoneSimulator
		{A01D85B2-563D-44A3-97BB-73D792035BE6}.AppStore|iPhoneSimulator.Build.0 = AppStore|iPhoneSimulator
		{A01D85B2-563D-44A3-97BB-73D792035BE6}.AppStore|iPhoneSimulator.Deploy.0 = AppStore|iPhoneSimulator
		{A01D85B2-563D-44A3-97BB-73D792035BE6}.Debug|Any CPU.ActiveCfg = Debug|iPhoneSimulator
		{A01D85B2-563D-44A3-97BB-73D792035BE6}.Debug|Any CPU.Build.0 = Debug|iPhoneSimulator
		{A01D85B2-563D-44A3-97BB-73D792035BE6}.Debug|Any CPU.Deploy.0 = Debug|iPhoneSimulator
		{A01D85B2-563D-44A3-97BB-73D792035BE6}.Debug|iPhone.ActiveCfg = Debug|iPhone
		{A01D85B2-563D-44A3-97BB-73D792035BE6}.Debug|iPhone.Build.0 = Debug|iPhone
		{A01D85B2-563D-44A3-97BB-73D792035BE6}.Debug|iPhone.Deploy.0 = Debug|iPhone
		{A01D85B2-563D-44A3-97BB-73D792035BE6}.Debug|iPhoneSimulator.ActiveCfg = Debug|iPhoneSimulator
		{A01D85B2-563D-44A3-97BB-73D792035BE6}.Debug|iPhoneSimulator.Build.0 = Debug|iPhoneSimulator
		{A01D85B2-563D-44A3-97BB-73D792035BE6}.Debug|iPhoneSimulator.Deploy.0 = Debug|iPhoneSimulator
		{A01D85B2-563D-44A3-97BB-73D792035BE6}.Release|Any CPU.ActiveCfg = Release|iPhone
		{A01D85B2-563D-44A3-97BB-73D792035BE6}.Release|Any CPU.Build.0 = Release|iPhone
		{A01D85B2-563D-44A3-97BB-73D792035BE6}.Release|Any CPU.Deploy.0 = Release|iPhone
		{A01D85B2-563D-44A3-97BB-73D792035BE6}.Release|iPhone.ActiveCfg = Release|iPhone
		{A01D85B2-563D-44A3-97BB-73D792035BE6}.Release|iPhone.Build.0 = Release|iPhone
		{A01D85B2-563D-44A3-97BB-73D792035BE6}.Release|iPhone.Deploy.0 = Release|iPhone
		{A01D85B2-563D-44A3-97BB-73D792035BE6}.Release|iPhoneSimulator.ActiveCfg = Release|iPhoneSimulator
		{A01D85B2-563D-44A3-97BB-73D792035BE6}.Release|iPhoneSimulator.Build.0 = Release|iPhoneSimulator
		{A01D85B2-563D-44A3-97BB-73D792035BE6}.Release|iPhoneSimulator.Deploy.0 = Release|iPhoneSimulator
		{B1D83650-E227-4DEE-8F5B-C4520ECEB0C8}.Ad-Hoc|Any CPU.ActiveCfg = Debug|Any CPU
		{B1D83650-E227-4DEE-8F5B-C4520ECEB0C8}.Ad-Hoc|Any CPU.Build.0 = Debug|Any CPU
		{B1D83650-E227-4DEE-8F5B-C4520ECEB0C8}.Ad-Hoc|Any CPU.Deploy.0 = Debug|Any CPU
		{B1D83650-E227-4DEE-8F5B-C4520ECEB0C8}.Ad-Hoc|iPhone.ActiveCfg = Debug|Any CPU
		{B1D83650-E227-4DEE-8F5B-C4520ECEB0C8}.Ad-Hoc|iPhone.Build.0 = Debug|Any CPU
		{B1D83650-E227-4DEE-8F5B-C4520ECEB0C8}.Ad-Hoc|iPhone.Deploy.0 = Debug|Any CPU
		{B1D83650-E227-4DEE-8F5B-C4520ECEB0C8}.Ad-Hoc|iPhoneSimulator.ActiveCfg = Debug|Any CPU
		{B1D83650-E227-4DEE-8F5B-C4520ECEB0C8}.Ad-Hoc|iPhoneSimulator.Build.0 = Debug|Any CPU
		{B1D83650-E227-4DEE-8F5B-C4520ECEB0C8}.Ad-Hoc|iPhoneSimulator.Deploy.0 = Debug|Any CPU
		{B1D83650-E227-4DEE-8F5B-C4520ECEB0C8}.AppStore|Any CPU.ActiveCfg = Debug|Any CPU
		{B1D83650-E227-4DEE-8F5B-C4520ECEB0C8}.AppStore|Any CPU.Build.0 = Debug|Any CPU
		{B1D83650-E227-4DEE-8F5B-C4520ECEB0C8}.AppStore|Any CPU.Deploy.0 = Debug|Any CPU
		{B1D83650-E227-4DEE-8F5B-C4520ECEB0C8}.AppStore|iPhone.ActiveCfg = Debug|Any CPU
		{B1D83650-E227-4DEE-8F5B-C4520ECEB0C8}.AppStore|iPhone.Build.0 = Debug|Any CPU
		{B1D83650-E227-4DEE-8F5B-C4520ECEB0C8}.AppStore|iPhone.Deploy.0 = Debug|Any CPU
		{B1D83650-E227-4DEE-8F5B-C4520ECEB0C8}.AppStore|iPhoneSimulator.ActiveCfg = Debug|Any CPU
		{B1D83650-E227-4DEE-8F5B-C4520ECEB0C8}.AppStore|iPhoneSimulator.Build.0 = Debug|Any CPU
		{B1D83650-E227-4DEE-8F5B-C4520ECEB0C8}.AppStore|iPhoneSimulator.Deploy.0 = Debug|Any CPU
		{B1D83650-E227-4DEE-8F5B-C4520ECEB0C8}.Debug|Any CPU.ActiveCfg = Debug|Any CPU
		{B1D83650-E227-4DEE-8F5B-C4520ECEB0C8}.Debug|Any CPU.Build.0 = Debug|Any CPU
		{B1D83650-E227-4DEE-8F5B-C4520ECEB0C8}.Debug|Any CPU.Deploy.0 = Debug|Any CPU
		{B1D83650-E227-4DEE-8F5B-C4520ECEB0C8}.Debug|iPhone.ActiveCfg = Debug|Any CPU
		{B1D83650-E227-4DEE-8F5B-C4520ECEB0C8}.Debug|iPhone.Build.0 = Debug|Any CPU
		{B1D83650-E227-4DEE-8F5B-C4520ECEB0C8}.Debug|iPhone.Deploy.0 = Debug|Any CPU
		{B1D83650-E227-4DEE-8F5B-C4520ECEB0C8}.Debug|iPhoneSimulator.ActiveCfg = Debug|Any CPU
		{B1D83650-E227-4DEE-8F5B-C4520ECEB0C8}.Debug|iPhoneSimulator.Build.0 = Debug|Any CPU
		{B1D83650-E227-4DEE-8F5B-C4520ECEB0C8}.Debug|iPhoneSimulator.Deploy.0 = Debug|Any CPU
		{B1D83650-E227-4DEE-8F5B-C4520ECEB0C8}.Release|Any CPU.ActiveCfg = Release|Any CPU
		{B1D83650-E227-4DEE-8F5B-C4520ECEB0C8}.Release|Any CPU.Build.0 = Release|Any CPU
		{B1D83650-E227-4DEE-8F5B-C4520ECEB0C8}.Release|Any CPU.Deploy.0 = Release|Any CPU
		{B1D83650-E227-4DEE-8F5B-C4520ECEB0C8}.Release|iPhone.ActiveCfg = Release|Any CPU
		{B1D83650-E227-4DEE-8F5B-C4520ECEB0C8}.Release|iPhone.Build.0 = Release|Any CPU
		{B1D83650-E227-4DEE-8F5B-C4520ECEB0C8}.Release|iPhone.Deploy.0 = Release|Any CPU
		{B1D83650-E227-4DEE-8F5B-C4520ECEB0C8}.Release|iPhoneSimulator.ActiveCfg = Release|Any CPU
		{B1D83650-E227-4DEE-8F5B-C4520ECEB0C8}.Release|iPhoneSimulator.Build.0 = Release|Any CPU
		{B1D83650-E227-4DEE-8F5B-C4520ECEB0C8}.Release|iPhoneSimulator.Deploy.0 = Release|Any CPU
		{35F91A6B-3527-401F-8C4E-41DD5D40489F}.Ad-Hoc|Any CPU.ActiveCfg = Release|Any CPU
		{35F91A6B-3527-401F-8C4E-41DD5D40489F}.Ad-Hoc|Any CPU.Build.0 = Release|Any CPU
		{35F91A6B-3527-401F-8C4E-41DD5D40489F}.Ad-Hoc|iPhone.ActiveCfg = Release|Any CPU
		{35F91A6B-3527-401F-8C4E-41DD5D40489F}.Ad-Hoc|iPhone.Build.0 = Release|Any CPU
		{35F91A6B-3527-401F-8C4E-41DD5D40489F}.Ad-Hoc|iPhoneSimulator.ActiveCfg = Release|Any CPU
		{35F91A6B-3527-401F-8C4E-41DD5D40489F}.Ad-Hoc|iPhoneSimulator.Build.0 = Release|Any CPU
		{35F91A6B-3527-401F-8C4E-41DD5D40489F}.AppStore|Any CPU.ActiveCfg = Release|Any CPU
		{35F91A6B-3527-401F-8C4E-41DD5D40489F}.AppStore|Any CPU.Build.0 = Release|Any CPU
		{35F91A6B-3527-401F-8C4E-41DD5D40489F}.AppStore|iPhone.ActiveCfg = Release|Any CPU
		{35F91A6B-3527-401F-8C4E-41DD5D40489F}.AppStore|iPhone.Build.0 = Release|Any CPU
		{35F91A6B-3527-401F-8C4E-41DD5D40489F}.AppStore|iPhoneSimulator.ActiveCfg = Release|Any CPU
		{35F91A6B-3527-401F-8C4E-41DD5D40489F}.AppStore|iPhoneSimulator.Build.0 = Release|Any CPU
		{35F91A6B-3527-401F-8C4E-41DD5D40489F}.Debug|Any CPU.ActiveCfg = Debug|Any CPU
		{35F91A6B-3527-401F-8C4E-41DD5D40489F}.Debug|Any CPU.Build.0 = Debug|Any CPU
		{35F91A6B-3527-401F-8C4E-41DD5D40489F}.Debug|iPhone.ActiveCfg = Debug|Any CPU
		{35F91A6B-3527-401F-8C4E-41DD5D40489F}.Debug|iPhone.Build.0 = Debug|Any CPU
		{35F91A6B-3527-401F-8C4E-41DD5D40489F}.Debug|iPhoneSimulator.ActiveCfg = Debug|Any CPU
		{35F91A6B-3527-401F-8C4E-41DD5D40489F}.Debug|iPhoneSimulator.Build.0 = Debug|Any CPU
		{35F91A6B-3527-401F-8C4E-41DD5D40489F}.Release|Any CPU.ActiveCfg = Release|Any CPU
		{35F91A6B-3527-401F-8C4E-41DD5D40489F}.Release|Any CPU.Build.0 = Release|Any CPU
		{35F91A6B-3527-401F-8C4E-41DD5D40489F}.Release|iPhone.ActiveCfg = Release|Any CPU
		{35F91A6B-3527-401F-8C4E-41DD5D40489F}.Release|iPhone.Build.0 = Release|Any CPU
		{35F91A6B-3527-401F-8C4E-41DD5D40489F}.Release|iPhoneSimulator.ActiveCfg = Release|Any CPU
		{35F91A6B-3527-401F-8C4E-41DD5D40489F}.Release|iPhoneSimulator.Build.0 = Release|Any CPU
		{220DBF76-F0FD-4932-A034-C308CA6A0AE7}.Ad-Hoc|Any CPU.ActiveCfg = Release|Any CPU
		{220DBF76-F0FD-4932-A034-C308CA6A0AE7}.Ad-Hoc|Any CPU.Build.0 = Release|Any CPU
		{220DBF76-F0FD-4932-A034-C308CA6A0AE7}.Ad-Hoc|iPhone.ActiveCfg = Release|Any CPU
		{220DBF76-F0FD-4932-A034-C308CA6A0AE7}.Ad-Hoc|iPhone.Build.0 = Release|Any CPU
		{220DBF76-F0FD-4932-A034-C308CA6A0AE7}.Ad-Hoc|iPhoneSimulator.ActiveCfg = Release|Any CPU
		{220DBF76-F0FD-4932-A034-C308CA6A0AE7}.Ad-Hoc|iPhoneSimulator.Build.0 = Release|Any CPU
		{220DBF76-F0FD-4932-A034-C308CA6A0AE7}.AppStore|Any CPU.ActiveCfg = Release|Any CPU
		{220DBF76-F0FD-4932-A034-C308CA6A0AE7}.AppStore|Any CPU.Build.0 = Release|Any CPU
		{220DBF76-F0FD-4932-A034-C308CA6A0AE7}.AppStore|iPhone.ActiveCfg = Release|Any CPU
		{220DBF76-F0FD-4932-A034-C308CA6A0AE7}.AppStore|iPhone.Build.0 = Release|Any CPU
		{220DBF76-F0FD-4932-A034-C308CA6A0AE7}.AppStore|iPhoneSimulator.ActiveCfg = Release|Any CPU
		{220DBF76-F0FD-4932-A034-C308CA6A0AE7}.AppStore|iPhoneSimulator.Build.0 = Release|Any CPU
		{220DBF76-F0FD-4932-A034-C308CA6A0AE7}.Debug|Any CPU.ActiveCfg = Debug|Any CPU
		{220DBF76-F0FD-4932-A034-C308CA6A0AE7}.Debug|Any CPU.Build.0 = Debug|Any CPU
		{220DBF76-F0FD-4932-A034-C308CA6A0AE7}.Debug|iPhone.ActiveCfg = Debug|Any CPU
		{220DBF76-F0FD-4932-A034-C308CA6A0AE7}.Debug|iPhone.Build.0 = Debug|Any CPU
		{220DBF76-F0FD-4932-A034-C308CA6A0AE7}.Debug|iPhoneSimulator.ActiveCfg = Debug|Any CPU
		{220DBF76-F0FD-4932-A034-C308CA6A0AE7}.Debug|iPhoneSimulator.Build.0 = Debug|Any CPU
		{220DBF76-F0FD-4932-A034-C308CA6A0AE7}.Release|Any CPU.ActiveCfg = Release|Any CPU
		{220DBF76-F0FD-4932-A034-C308CA6A0AE7}.Release|Any CPU.Build.0 = Release|Any CPU
		{220DBF76-F0FD-4932-A034-C308CA6A0AE7}.Release|iPhone.ActiveCfg = Release|Any CPU
		{220DBF76-F0FD-4932-A034-C308CA6A0AE7}.Release|iPhone.Build.0 = Release|Any CPU
		{220DBF76-F0FD-4932-A034-C308CA6A0AE7}.Release|iPhoneSimulator.ActiveCfg = Release|Any CPU
		{220DBF76-F0FD-4932-A034-C308CA6A0AE7}.Release|iPhoneSimulator.Build.0 = Release|Any CPU
		{C3F7CDDD-9CE3-417A-ADB9-DFAC675A4474}.Ad-Hoc|Any CPU.ActiveCfg = Release|Any CPU
		{C3F7CDDD-9CE3-417A-ADB9-DFAC675A4474}.Ad-Hoc|Any CPU.Build.0 = Release|Any CPU
		{C3F7CDDD-9CE3-417A-ADB9-DFAC675A4474}.Ad-Hoc|iPhone.ActiveCfg = Release|Any CPU
		{C3F7CDDD-9CE3-417A-ADB9-DFAC675A4474}.Ad-Hoc|iPhone.Build.0 = Release|Any CPU
		{C3F7CDDD-9CE3-417A-ADB9-DFAC675A4474}.Ad-Hoc|iPhoneSimulator.ActiveCfg = Release|Any CPU
		{C3F7CDDD-9CE3-417A-ADB9-DFAC675A4474}.Ad-Hoc|iPhoneSimulator.Build.0 = Release|Any CPU
		{C3F7CDDD-9CE3-417A-ADB9-DFAC675A4474}.AppStore|Any CPU.ActiveCfg = Release|Any CPU
		{C3F7CDDD-9CE3-417A-ADB9-DFAC675A4474}.AppStore|Any CPU.Build.0 = Release|Any CPU
		{C3F7CDDD-9CE3-417A-ADB9-DFAC675A4474}.AppStore|iPhone.ActiveCfg = Release|Any CPU
		{C3F7CDDD-9CE3-417A-ADB9-DFAC675A4474}.AppStore|iPhone.Build.0 = Release|Any CPU
		{C3F7CDDD-9CE3-417A-ADB9-DFAC675A4474}.AppStore|iPhoneSimulator.ActiveCfg = Release|Any CPU
		{C3F7CDDD-9CE3-417A-ADB9-DFAC675A4474}.AppStore|iPhoneSimulator.Build.0 = Release|Any CPU
		{C3F7CDDD-9CE3-417A-ADB9-DFAC675A4474}.Debug|Any CPU.ActiveCfg = Debug|Any CPU
		{C3F7CDDD-9CE3-417A-ADB9-DFAC675A4474}.Debug|Any CPU.Build.0 = Debug|Any CPU
		{C3F7CDDD-9CE3-417A-ADB9-DFAC675A4474}.Debug|iPhone.ActiveCfg = Debug|Any CPU
		{C3F7CDDD-9CE3-417A-ADB9-DFAC675A4474}.Debug|iPhone.Build.0 = Debug|Any CPU
		{C3F7CDDD-9CE3-417A-ADB9-DFAC675A4474}.Debug|iPhoneSimulator.ActiveCfg = Debug|Any CPU
		{C3F7CDDD-9CE3-417A-ADB9-DFAC675A4474}.Debug|iPhoneSimulator.Build.0 = Debug|Any CPU
		{C3F7CDDD-9CE3-417A-ADB9-DFAC675A4474}.Release|Any CPU.ActiveCfg = Release|Any CPU
		{C3F7CDDD-9CE3-417A-ADB9-DFAC675A4474}.Release|Any CPU.Build.0 = Release|Any CPU
		{C3F7CDDD-9CE3-417A-ADB9-DFAC675A4474}.Release|iPhone.ActiveCfg = Release|Any CPU
		{C3F7CDDD-9CE3-417A-ADB9-DFAC675A4474}.Release|iPhone.Build.0 = Release|Any CPU
		{C3F7CDDD-9CE3-417A-ADB9-DFAC675A4474}.Release|iPhoneSimulator.ActiveCfg = Release|Any CPU
		{C3F7CDDD-9CE3-417A-ADB9-DFAC675A4474}.Release|iPhoneSimulator.Build.0 = Release|Any CPU
		{085FAF2D-CC44-4709-979E-AE00550DAE21}.Ad-Hoc|Any CPU.ActiveCfg = Release|Any CPU
		{085FAF2D-CC44-4709-979E-AE00550DAE21}.Ad-Hoc|Any CPU.Build.0 = Release|Any CPU
		{085FAF2D-CC44-4709-979E-AE00550DAE21}.Ad-Hoc|iPhone.ActiveCfg = Release|Any CPU
		{085FAF2D-CC44-4709-979E-AE00550DAE21}.Ad-Hoc|iPhone.Build.0 = Release|Any CPU
		{085FAF2D-CC44-4709-979E-AE00550DAE21}.Ad-Hoc|iPhoneSimulator.ActiveCfg = Release|Any CPU
		{085FAF2D-CC44-4709-979E-AE00550DAE21}.Ad-Hoc|iPhoneSimulator.Build.0 = Release|Any CPU
		{085FAF2D-CC44-4709-979E-AE00550DAE21}.AppStore|Any CPU.ActiveCfg = Release|Any CPU
		{085FAF2D-CC44-4709-979E-AE00550DAE21}.AppStore|Any CPU.Build.0 = Release|Any CPU
		{085FAF2D-CC44-4709-979E-AE00550DAE21}.AppStore|iPhone.ActiveCfg = Release|Any CPU
		{085FAF2D-CC44-4709-979E-AE00550DAE21}.AppStore|iPhone.Build.0 = Release|Any CPU
		{085FAF2D-CC44-4709-979E-AE00550DAE21}.AppStore|iPhoneSimulator.ActiveCfg = Release|Any CPU
		{085FAF2D-CC44-4709-979E-AE00550DAE21}.AppStore|iPhoneSimulator.Build.0 = Release|Any CPU
		{085FAF2D-CC44-4709-979E-AE00550DAE21}.Debug|Any CPU.ActiveCfg = Debug|Any CPU
		{085FAF2D-CC44-4709-979E-AE00550DAE21}.Debug|Any CPU.Build.0 = Debug|Any CPU
		{085FAF2D-CC44-4709-979E-AE00550DAE21}.Debug|iPhone.ActiveCfg = Debug|Any CPU
		{085FAF2D-CC44-4709-979E-AE00550DAE21}.Debug|iPhone.Build.0 = Debug|Any CPU
		{085FAF2D-CC44-4709-979E-AE00550DAE21}.Debug|iPhoneSimulator.ActiveCfg = Debug|Any CPU
		{085FAF2D-CC44-4709-979E-AE00550DAE21}.Debug|iPhoneSimulator.Build.0 = Debug|Any CPU
		{085FAF2D-CC44-4709-979E-AE00550DAE21}.Release|Any CPU.ActiveCfg = Release|Any CPU
		{085FAF2D-CC44-4709-979E-AE00550DAE21}.Release|Any CPU.Build.0 = Release|Any CPU
		{085FAF2D-CC44-4709-979E-AE00550DAE21}.Release|iPhone.ActiveCfg = Release|Any CPU
		{085FAF2D-CC44-4709-979E-AE00550DAE21}.Release|iPhone.Build.0 = Release|Any CPU
		{085FAF2D-CC44-4709-979E-AE00550DAE21}.Release|iPhoneSimulator.ActiveCfg = Release|Any CPU
		{085FAF2D-CC44-4709-979E-AE00550DAE21}.Release|iPhoneSimulator.Build.0 = Release|Any CPU
	EndGlobalSection
	GlobalSection(SolutionProperties) = preSolution
		HideSolutionNode = FALSE
	EndGlobalSection
	GlobalSection(ExtensibilityGlobals) = postSolution
		SolutionGuid = {A703EDFA-B7CD-4347-9A02-2880EB074738}
	EndGlobalSection
EndGlobal
